cloud.google.com/go v0.26.0/go.mod h1:aQUYkXzVsufM+DwF1aE+0xfcU+56JwCaLick0ClmMTw=
github.com/BurntSushi/toml v0.3.1/go.mod h1:xHWCNGjB5oqiDr8zfno3MHue2Ht5sIBksp03qcyfWMU=
github.com/badoux/checkmail v1.2.1 h1:TzwYx5pnsV6anJweMx2auXdekBwGr/yt1GgalIx9nBQ=
github.com/badoux/checkmail v1.2.1/go.mod h1:XroCOBU5zzZJcLvgwU15I+2xXyCdTWXyR9MGfRhBYy0=
github.com/census-instrumentation/opencensus-proto v0.2.1/go.mod h1:f6KPmirojxKA12rnyqOA5BBL4O983OfeGPqjHWSTneU=
github.com/client9/misspell v0.3.4/go.mod h1:qj6jICC3Q7zFZvVWo7KLAzC3yx5G7kyvSDkc90ppPyw=
github.com/cncf/udpa/go v0.0.0-20191209042840-269d4d468f6f/go.mod h1:M8M6+tZqaGXZJjfX53e64911xZQV5JYwmTeXPW+k8Sc=
github.com/creack/pty v1.1.9/go.mod h1:oKZEueFk5CKHvIhNR5MUki03XCEU+Q6VDXinZuGJ33E=
github.com/davecgh/go-spew v1.1.0/go.mod h1:J7Y8YcW2NihsgmVo/mv3lAwl/skON4iLHjSsI+c5H38=
github.com/davecgh/go-spew v1.1.1 h1:vj9j/u1bqnvCEfJOwUhtlOARqs3+rkHYY13jYWTU97c=
github.com/davecgh/go-spew v1.1.1/go.mod h1:J7Y8YcW2NihsgmVo/mv3lAwl/skON4iLHjSsI+c5H38=
github.com/envoyproxy/go-control-plane v0.9.0/go.mod h1:YTl/9mNaCwkRvm6d1a2C3ymFceY/DCBVvsKhRF0iEA4=
github.com/envoyproxy/go-control-plane v0.9.4/go.mod h1:6rpuAdCZL397s3pYoYcLgu1mIlRU8Am5FuJP05cCM98=
github.com/envoyproxy/protoc-gen-validate v0.1.0/go.mod h1:iSmxcyjqTsJpI2R4NaDN7+kN2VEUnK/pcBlmesArF7c=
github.com/fsnotify/fsnotify v1.4.9/go.mod h1:znqG4EE+3YCdAaPaxE2ZRY/06pZUdp0tY4IgpuI1SZQ=
github.com/golang-collections/collections v0.0.0-20130729185459-604e922904d3/go.mod h1:nPpo7qLxd6XL3hWJG/O60sR8ZKfMCiIoNap5GvD12KU=
github.com/golang/glog v0.0.0-20160126235308-23def4e6c14b/go.mod h1:SBH7ygxi8pfUlaOkMMuAQtPIUF8ecWP5IEl/CR7VP2Q=
github.com/golang/mock v1.1.1/go.mod h1:oTYuIxOrZwtPieC+H1uAHpcLFnEyAGVDL/k47Jfbm0A=
github.com/golang/protobuf v1.2.0/go.mod h1:6lQm79b+lXiMfvg/cZm0SGofjICqVBUtrP5yJMmIC1U=
github.com/golang/protobuf v1.3.2 h1:6nsPYzhq5kReh6QImI3k5qWzO4PEbvbIW2cwSfR/6xs=
github.com/golang/protobuf v1.3.2/go.mod h1:6lQm79b+lXiMfvg/cZm0SGofjICqVBUtrP5yJMmIC1U=
github.com/golang/protobuf v1.3.3 h1:gyjaxf+svBWX08ZjK86iN9geUJF0H6gp2IRKX6Nf6/I=
github.com/golang/protobuf v1.3.3/go.mod h1:vzj43D7+SQXF/4pzW/hwtAqwc6iTitCiVSaWz5lYuqw=
github.com/golang/protobuf v1.4.0-rc.1/go.mod h1:ceaxUfeHdC40wWswd/P6IGgMaK3YpKi5j83Wpe3EHw8=
github.com/golang/protobuf v1.4.0-rc.1.0.20200221234624-67d41d38c208/go.mod h1:xKAWHe0F5eneWXFV3EuXVDTCmh+JuBKY0li0aMyXATA=
github.com/golang/protobuf v1.4.0-rc.2/go.mod h1:LlEzMj4AhA7rCAGe4KMBDvJI+AwstrUpVNzEA03Pprs=
github.com/golang/protobuf v1.4.0-rc.4.0.20200313231945-b860323f09d0/go.mod h1:WU3c8KckQ9AFe+yFwt9sWVRKCVIyN9cPHBJSNnbL67w=
github.com/golang/protobuf v1.4.0/go.mod h1:jodUvKwWbYaEsadDk5Fwe5c77LiNKVO9IDvqG2KuDX0=
github.com/golang/protobuf v1.4.1/go.mod h1:U8fpvMrcmy5pZrNK1lt4xCsGvpyWQ/VVv6QDs8UjoX8=
github.com/golang/protobuf v1.4.2 h1:+Z5KGCizgyZCbGh1KZqA0fcLLkwbsjIzS4aV2v7wJX0=
github.com/golang/protobuf v1.4.2/go.mod h1:oDoupMAO8OvCJWAcko0GGGIgR6R6ocIYbsSw735rRwI=
github.com/google/go-cmp v0.2.0/go.mod h1:oXzfMopK8JAjlY9xF4vHSVASa0yLyX7SntLO5aqRK0M=
github.com/google/go-cmp v0.3.0/go.mod h1:8QqcDgzrUqlUb/G2PQTWiueGozuR1884gddMywk6iLU=
github.com/google/go-cmp v0.3.1/go.mod h1:8QqcDgzrUqlUb/G2PQTWiueGozuR1884gddMywk6iLU=
github.com/google/go-cmp v0.4.0 h1:xsAVV57WRhGj6kEIi8ReJzQlHHqcBYCElAvkovg3B/4=
github.com/google/go-cmp v0.4.0/go.mod h1:v8dTdLbMG2kIc/vJvl+f65V22dbkXbowE6jgT/gNBxE=
github.com/kr/pretty v0.2.1/go.mod h1:ipq/a2n7PKx3OHsz4KJII5eveXtPO4qwEXGdVfWzfnI=
github.com/kr/pty v1.1.1/go.mod h1:pFQYn66WHrOpPYNljwOMqo10TkYh1fy3cYio2l3bCsQ=
github.com/kr/text v0.1.0 h1:45sCR5RtlFHMR4UwH9sdQ5TC8v0qDQCHnXt+kaKSTVE=
github.com/kr/text v0.1.0/go.mod h1:4Jbv+DJW3UT/LiOwJeYQe1efqtUx/iVham/4vfdArNI=
github.com/kr/text v0.2.0 h1:5Nx0Ya0ZqY2ygV366QzturHI13Jq95ApcVaJBhpS+AY=
github.com/kr/text v0.2.0/go.mod h1:eLer722TekiGuMkidMxC/pM04lWEeraHUUmBw8l2grE=
github.com/liyue201/goqr v0.0.0-20200803022322-df443203d4ea h1:uyJ13zfy6l79CM3HnVhDalIyZ4RJAyVfDrbnfFeJoC4=
github.com/liyue201/goqr v0.0.0-20200803022322-df443203d4ea/go.mod h1:w4pGU9PkiX2hAWyF0yuHEHmYTQFAd6WHzp6+IY7JVjE=
github.com/mitchellh/go-homedir v1.1.0 h1:lukF9ziXFxDFPkA1vsr5zpc1XuPDn/wFntq5mG+4E0Y=
github.com/mitchellh/go-homedir v1.1.0/go.mod h1:SfyaCUpYCn1Vlf4IUYiD9fPX4A5wJrkLzIz1N1q0pr0=
github.com/niemeyer/pretty v0.0.0-20200227124842-a10e7caefd8e h1:fD57ERR4JtEqsWbfPhv4DMiApHyliiK5xCTNVSPiaAs=
github.com/niemeyer/pretty v0.0.0-20200227124842-a10e7caefd8e/go.mod h1:zD1mROLANZcx1PVRCS0qkT7pwLkGfwJo4zjcN/Tysno=
github.com/nyaruka/phonenumbers v1.0.60 h1:nnAcNwmZflhegiImm6MkvjlRRyoaSw1ox/jGPAewWTg=
github.com/nyaruka/phonenumbers v1.0.60/go.mod h1:sDaTZ/KPX5f8qyV9qN+hIm+4ZBARJrupC6LuhshJq1U=
github.com/pkg/errors v0.9.1 h1:FEBLx1zS214owpjy7qsBeixbURkuhQAwrK5UwLGTwt4=
github.com/pkg/errors v0.9.1/go.mod h1:bwawxfHBFNV+L2hUp1rHADufV3IMtnDRdf1r5NINEl0=
github.com/pmezard/go-difflib v1.0.0 h1:4DBwDE0NGyQoBHbLQYPwSUPoCMWR5BEzIk/f1lZbAQM=
github.com/pmezard/go-difflib v1.0.0/go.mod h1:iKH77koFhYxTK1pcRnkKkqfTogsbg7gZNVY4sRDYZ/4=
github.com/prometheus/client_model v0.0.0-20190812154241-14fe0d1b01d4/go.mod h1:xMI15A0UPsDsEKsMN9yxemIoYk6Tm2C1GtYGdfGttqA=
github.com/skip2/go-qrcode v0.0.0-20200617195104-da1b6568686e h1:MRM5ITcdelLK2j1vwZ3Je0FKVCfqOLp5zO6trqMLYs0=
github.com/skip2/go-qrcode v0.0.0-20200617195104-da1b6568686e/go.mod h1:XV66xRDqSt+GTGFMVlhk3ULuV0y9ZmzeVGR4mloJI3M=
github.com/spf13/jwalterweatherman v1.1.0 h1:ue6voC5bR5F8YxI5S67j9i582FU4Qvo2bmqnqMYADFk=
github.com/spf13/jwalterweatherman v1.1.0/go.mod h1:aNWZUN0dPAAO/Ljvb5BEdw96iTZ0EXowPYD95IqWIGo=
github.com/stretchr/objx v0.1.0/go.mod h1:HFkY916IF+rwdDfMAkV7OtwuqBVzrE8GR6GFx+wExME=
github.com/stretchr/testify v1.2.2/go.mod h1:a8OnRcib4nhh0OaRAV+Yts87kKdq0PP7pXfy6kDkUVs=
github.com/stretchr/testify v1.4.0/go.mod h1:j7eGeouHqKxXV5pUuKE4zz7dFj8WfuZ+81PSLYec5m4=
github.com/stretchr/testify v1.5.1 h1:nOGnQDM7FYENwehXlg/kFVnos3rEvtKTjRvOWSzb6H4=
github.com/stretchr/testify v1.5.1/go.mod h1:5W2xD1RspED5o8YsWQXVCued0rvSQ+mT+I5cxcmMvtA=
github.com/stretchr/testify v1.6.1/go.mod h1:6Fq8oRcR53rry900zMqJjRRixrwX3KX962/h/Wwjteg=
github.com/zeebo/assert v0.0.0-20181109011804-10f827ce2ed6/go.mod h1:yssERNPivllc1yU3BvpjYI5BUW+zglcz6QWqeVRL5t0=
github.com/zeebo/assert v1.1.0 h1:hU1L1vLTHsnO8x8c9KAR5GmM5QscxHg5RNU5z5qbUWY=
github.com/zeebo/assert v1.1.0/go.mod h1:Pq9JiuJQpG8JLJdtkwrJESF0Foym2/D9XMU5ciN/wJ0=
github.com/zeebo/blake3 v0.0.4 h1:vtZ4X8B2lKXZFg2Xyg6Wo36mvmnJvc2VQYTtA4RDCkI=
github.com/zeebo/blake3 v0.0.4/go.mod h1:YOZo8A49yNqM0X/Y+JmDUZshJWLt1laHsNSn5ny2i34=
github.com/zeebo/blake3 v0.1.1 h1:Nbsts7DdKThRHHd+YNlqiGlRqGEF2bE2eXN+xQ1hsEs=
github.com/zeebo/blake3 v0.1.1/go.mod h1:G9pM4qQwjRzF1/v7+vabMj/c5mWpGZ2Wzo3Eb4z0pb4=
github.com/zeebo/pcg v0.0.0-20181207190024-3cdc6b625a05 h1:4pW5fMvVkrgkMXdvIsVRRTs69DWYA8uNNQsu1stfVKU=
github.com/zeebo/pcg v0.0.0-20181207190024-3cdc6b625a05/go.mod h1:Gr+78ptB0MwXxm//LBaEvBiaXY7hXJ6KGe2V32X2F6E=
github.com/zeebo/pcg v1.0.0/go.mod h1:09F0S9iiKrwn9rlI5yjLkmrug154/YRW6KnnXVDM/l4=
gitlab.com/elixxir/crypto v0.0.0-20200804182833-984246dea2c4/go.mod h1:ucm9SFKJo+K0N2GwRRpaNr+tKXMIOVWzmyUD0SbOu2c=
gitlab.com/elixxir/crypto v0.0.3/go.mod h1:ZNgBOblhYToR4m8tj4cMvJ9UsJAUKq+p0gCp07WQmhA=
gitlab.com/elixxir/primitives v0.0.0-20200731184040-494269b53b4d/go.mod h1:OQgUZq7SjnE0b+8+iIAT2eqQF+2IFHn73tOo+aV11mg=
gitlab.com/elixxir/primitives v0.0.0-20200804170709-a1896d262cd9/go.mod h1:p0VelQda72OzoUckr1O+vPW0AiFe0nyKQ6gYcmFSuF8=
gitlab.com/elixxir/primitives v0.0.0-20200804182913-788f47bded40/go.mod h1:tzdFFvb1ESmuTCOl1z6+yf6oAICDxH2NPUemVgoNLxc=
gitlab.com/elixxir/primitives v0.0.1/go.mod h1:kNp47yPqja2lHSiS4DddTvFpB/4D9dB2YKnw5c+LJCE=
gitlab.com/elixxir/primitives v0.0.3-0.20201116174806-97f190989704 h1:JkFREumz8skDqkCjjzZnlf5tg+PBiMB9kfVn9z0VEfE=
gitlab.com/elixxir/primitives v0.0.3-0.20201116174806-97f190989704/go.mod h1:3fxFHSlQhkV4vs+S0dZEz3Om3m+40WX8L806yvSnNFc=
gitlab.com/elixxir/primitives v0.0.3-0.20201222171449-bdfe30389bb5 h1:BUV1ouY+9NA5+ZF+QfTpIBL1vO5zk31I68N7DX9bKj8=
gitlab.com/elixxir/primitives v0.0.3-0.20201222171449-bdfe30389bb5/go.mod h1:5Z8fce94mks0aFhMvzftx2jJpDx4/pzDU20G2oTiU9w=
gitlab.com/elixxir/primitives v0.0.3-0.20210106001742-69578b457afa h1:qjuFd1G1v8YjumEF7RHf9hF/7idxvNYX9HIwTmQ6U0U=
gitlab.com/elixxir/primitives v0.0.3-0.20210106001742-69578b457afa/go.mod h1:RigMLE2qLcqgRcPFUHRmA1ChSRVf5AuvKLFYxrJr6is=
gitlab.com/elixxir/primitives v0.0.3-0.20210107183456-9cf6fe2de1e5 h1:50HbCJWirpX2Q+NNhIHcs0M9f45H1UJ/7LNMu81Bnn0=
gitlab.com/elixxir/primitives v0.0.3-0.20210107183456-9cf6fe2de1e5/go.mod h1:Ph6isHUDVjmRUd9DioyKpd8W9J52gKBiDeue4DCygXA=
gitlab.com/elixxir/primitives v0.0.3-0.20210115234332-ea62d7ec1b4b h1:YzrIpXBU/DvBZEvzGQc0h7CFZ3XLbmNl6TdpJeqTvJM=
gitlab.com/elixxir/primitives v0.0.3-0.20210115234332-ea62d7ec1b4b/go.mod h1:Ph6isHUDVjmRUd9DioyKpd8W9J52gKBiDeue4DCygXA=
gitlab.com/elixxir/primitives v0.0.3-0.20210126180712-bfbfb725c75a/go.mod h1:bGYfAGerVVZhNzh+PxOMZVG7iYAUfInYvtdAkAqgiY8=
gitlab.com/elixxir/primitives v0.0.3-0.20210208211427-8140bdd93b0b h1:HljBUbfGiQ712ywC8PfYKUQpEtV/RaeEc7ITeT49yMU=
gitlab.com/elixxir/primitives v0.0.3-0.20210208211427-8140bdd93b0b/go.mod h1:4OkMfgU5Z2s763+Zb5VVPAQ6tPsGnbLnAy9sljPIx0A=
gitlab.com/elixxir/primitives v0.0.3-0.20210210215643-bf48247248e5 h1:ExAOci0J5i53G+pA+oQ9ushG4WE0GQSiaO6JidHGEuw=
gitlab.com/elixxir/primitives v0.0.3-0.20210210215643-bf48247248e5/go.mod h1:Cz0fCtgUKnVdo2rJgiJ/h3N8a2SPW8tP9tn6cV/+t1s=
gitlab.com/elixxir/primitives v0.0.3-0.20210216174458-2a23825c1eb1 h1:BfcaQtKgIbafExdHkeKIJ5XEGe9MvUiv+yg9u7jwqhY=
gitlab.com/elixxir/primitives v0.0.3-0.20210216174458-2a23825c1eb1/go.mod h1:Wpz7WGZ/CpO6oHNmVTgTNBETTRXi40arWjom1uwu/1s=
gitlab.com/elixxir/primitives v0.0.3-0.20210223210226-cccb5f7d4839 h1:BvHO58ibn08sxll46vLIngFf37Ab76GV3xC+DM2m/Uo=
gitlab.com/elixxir/primitives v0.0.3-0.20210223210226-cccb5f7d4839/go.mod h1:LnvSPo0OMyHV4YMtnFelXwPu2UtU38h6DZrwUry6fjU=
gitlab.com/elixxir/primitives v0.0.3-0.20210225184649-54d1b20caf89 h1:QUsHdlu2EChCkoRE1bkvgwDLg2GiAEqbkulcBwHC6Hw=
gitlab.com/elixxir/primitives v0.0.3-0.20210225184649-54d1b20caf89/go.mod h1:EFEqF5PgiaV28i3fufmF0Wie84MiViBp/7KN1/Pjf48=
gitlab.com/elixxir/primitives v0.0.3-0.20210226172337-12a5b835ae9c h1:gNjyTBXqtQDCa9S/EW0a/ozKRjVjp3bSekmhsVQw4s8=
gitlab.com/elixxir/primitives v0.0.3-0.20210226172337-12a5b835ae9c/go.mod h1:eXAPFIUFFWuXY/KbwZ4/4mlciSavH92J2uu1jEyfw20=
gitlab.com/elixxir/primitives v0.0.3-0.20210226175744-d424cb7261fd h1:+hvXICaSkRunNOVS9kK/SOkNWCK2GCnOBearnPE8Osg=
gitlab.com/elixxir/primitives v0.0.3-0.20210226175744-d424cb7261fd/go.mod h1:l4DczasdfnrLdf2qimxOlJjr0RpcMzSwVCZXN3wxSzM=
gitlab.com/elixxir/primitives v0.0.3-0.20210305221357-0b3f19cc3c8a h1:NxCES61c3ycIAG76/dAKDTZvzxvh8szcL+RTX+6Wldw=
gitlab.com/elixxir/primitives v0.0.3-0.20210305221357-0b3f19cc3c8a/go.mod h1:7o0Gcvq6tE2by2hZyd0CDueOLUQGfbcuStnQEtLc56Y=
gitlab.com/elixxir/primitives v0.0.3-0.20210309193003-ef42ebb4800b h1:TswWfqiZqsdPLeWsfe7VJHMlV01W792kRHGYfYwb2Lk=
gitlab.com/elixxir/primitives v0.0.3-0.20210309193003-ef42ebb4800b/go.mod h1:/e3a4KPqmA9V22qKSZ9prfYYNzIzvLI8xh7noVV091w=
gitlab.com/elixxir/primitives v0.0.3-0.20210326022836-1143187bd2fe h1:fOZONg2RIiMtJoXdQHBSAdhv8/fm03VGEnZWcF9DJ8Q=
gitlab.com/elixxir/primitives v0.0.3-0.20210326022836-1143187bd2fe/go.mod h1:/e3a4KPqmA9V22qKSZ9prfYYNzIzvLI8xh7noVV091w=
gitlab.com/elixxir/primitives v0.0.3-0.20210401160752-2fe779c9fb2a h1:EyBlFKVP5905RCA9Rf18EfZwYurUW4b8LmZLv9TOC4I=
gitlab.com/elixxir/primitives v0.0.3-0.20210401160752-2fe779c9fb2a/go.mod h1:9qqDucNbLP9ArL1VKCXQuqYrcAbJIUcI8uzbP7NmKDw=
gitlab.com/elixxir/primitives v0.0.3-0.20210401175645-9b7b92f74ec4 h1:PFrOIpax1IMXS7jVGFhOF3bSOWh3IWhNUD18n1DzSZM=
gitlab.com/elixxir/primitives v0.0.3-0.20210401175645-9b7b92f74ec4/go.mod h1:9qqDucNbLP9ArL1VKCXQuqYrcAbJIUcI8uzbP7NmKDw=
gitlab.com/elixxir/primitives v0.0.3-0.20210405224302-03092a268566 h1:Wu7AXDWlqLu9yFzZ/ovHUaWIUOPi1v26b2QHmNC1bfY=
gitlab.com/elixxir/primitives v0.0.3-0.20210405224302-03092a268566/go.mod h1:MkG5S32UvI6/ZcTLQxFpvEAnCshR6MNG8d8gUrvKC7g=
gitlab.com/elixxir/primitives v0.0.3-0.20210406002149-ae7bd4896baf h1:1SPT7Z/9IwDQ+CkdpLPP9QyIX7KFtvgVw7/gxLbWzak=
gitlab.com/elixxir/primitives v0.0.3-0.20210406002149-ae7bd4896baf/go.mod h1:MkG5S32UvI6/ZcTLQxFpvEAnCshR6MNG8d8gUrvKC7g=
gitlab.com/elixxir/primitives v0.0.3-0.20210409163616-5e22bc27ea48 h1:regx/2XFZODFTmWCnufnhQ6j1KYjHtvC3pc+PvuHfvg=
gitlab.com/elixxir/primitives v0.0.3-0.20210409163616-5e22bc27ea48/go.mod h1:MkG5S32UvI6/ZcTLQxFpvEAnCshR6MNG8d8gUrvKC7g=
gitlab.com/elixxir/primitives v0.0.3-0.20210409183455-a45e87dbea39 h1:dhf2VwmAn0U/4EFb1CnS+b3HKwbV5ZR7m9miZ/y0vLA=
gitlab.com/elixxir/primitives v0.0.3-0.20210409183455-a45e87dbea39/go.mod h1:MkG5S32UvI6/ZcTLQxFpvEAnCshR6MNG8d8gUrvKC7g=
gitlab.com/elixxir/primitives v0.0.3-0.20210409190923-7bf3cd8d97e7 h1:q3cw7WVtD6hDqTi8ydky+yiqJ4RkWp/hkTSNirr9Z6Y=
gitlab.com/elixxir/primitives v0.0.3-0.20210409190923-7bf3cd8d97e7/go.mod h1:h0QHrjrixLNaP24ZXAgDOZXP4eegrQ24BCZPGitg8Jg=
gitlab.com/elixxir/primitives v0.0.3-0.20210422213511-7cc01e95c4cd h1:CPyOxMMd7H0D3UP4tXgLdmky4JSfqP+ddT6mNzeCbck=
gitlab.com/elixxir/primitives v0.0.3-0.20210422213511-7cc01e95c4cd/go.mod h1:h0QHrjrixLNaP24ZXAgDOZXP4eegrQ24BCZPGitg8Jg=
gitlab.com/elixxir/primitives v0.0.3-0.20210427004615-c68ecf15fcf3 h1:fQZzwSDzFymbXlTPVCDTrnBkOhFAx4fACwZQHpmTVOY=
gitlab.com/elixxir/primitives v0.0.3-0.20210427004615-c68ecf15fcf3/go.mod h1:h0QHrjrixLNaP24ZXAgDOZXP4eegrQ24BCZPGitg8Jg=
gitlab.com/elixxir/primitives v0.0.3-0.20210429180244-cdbb97da0c16 h1:ZIXWpEbSWUrVvqtrmo5/MVvDJm94eX5j2dgtGptkt6U=
gitlab.com/elixxir/primitives v0.0.3-0.20210429180244-cdbb97da0c16/go.mod h1:h0QHrjrixLNaP24ZXAgDOZXP4eegrQ24BCZPGitg8Jg=
gitlab.com/elixxir/primitives v0.0.3-0.20210504210415-34cf31c2816e h1:6Z5qAqI/xoWYPMVcItUDYEkOe84YWS1FJa+qjWGcJ2c=
gitlab.com/elixxir/primitives v0.0.3-0.20210504210415-34cf31c2816e/go.mod h1:4pNgiFEQQ11hHCXBRQJN1w9AIuKa1HTlPTxs9UYOXFA=
gitlab.com/elixxir/primitives v0.0.3-0.20210514174939-fbba435364ed h1:iRNiL2PkHDgcPQt5qUlOtod0n0sSyaSNXN+AkmZ5ViA=
gitlab.com/elixxir/primitives v0.0.3-0.20210514174939-fbba435364ed/go.mod h1:4pNgiFEQQ11hHCXBRQJN1w9AIuKa1HTlPTxs9UYOXFA=
gitlab.com/elixxir/primitives v0.0.3-0.20210517205719-63f209b4255b h1:VRdg8ZqJUvbDIh2BTRcydbvgZhG2kVsPS3v0mtOG6F4=
gitlab.com/elixxir/primitives v0.0.3-0.20210517205719-63f209b4255b/go.mod h1:TR4FpK1b+IE4IlDmvMnCAM0qqtrF1aYNUd+bnhRiAKI=
gitlab.com/xx_network/comms v0.0.0-20200805174823-841427dd5023/go.mod h1:owEcxTRl7gsoM8c3RQ5KAm5GstxrJp5tn+6JfQ4z5Hw=
gitlab.com/xx_network/comms v0.0.4-0.20201130190834-365ddae56e7b/go.mod h1:YViGbRj7FjJYoaO4NpALGEd9dK/l8uUT000FEBbUTL8=
gitlab.com/xx_network/crypto v0.0.3 h1:MDQX71yKLLGC9cgvp9gzJ5b4bShPeYuoqk9tFsCjqIE=
gitlab.com/xx_network/crypto v0.0.3/go.mod h1:DF2HYvvCw9wkBybXcXAgQMzX+MiGbFPjwt3t17VRqRE=
gitlab.com/xx_network/crypto v0.0.4/go.mod h1:+lcQEy+Th4eswFgQDwT0EXKp4AXrlubxalwQFH5O0Mk=
gitlab.com/xx_network/crypto v0.0.5-0.20201124194022-366c10b1bce0 h1:v2xX/bl9lyZJZXXFZ6glDs7F/GNGIeKAH6hzafUNi5w=
gitlab.com/xx_network/crypto v0.0.5-0.20201124194022-366c10b1bce0/go.mod h1:+lcQEy+Th4eswFgQDwT0EXKp4AXrlubxalwQFH5O0Mk=
gitlab.com/xx_network/crypto v0.0.5-0.20201125005132-fd9d3cd31e0b h1:blxDCPtgk22LGdq1k4f3PxNc52hQNkbEdvv0zkgTQWs=
gitlab.com/xx_network/crypto v0.0.5-0.20201125005132-fd9d3cd31e0b/go.mod h1:+lcQEy+Th4eswFgQDwT0EXKp4AXrlubxalwQFH5O0Mk=
gitlab.com/xx_network/crypto v0.0.5-0.20210106001644-a7c339164e03 h1:sxJgCjDZ/8XKyNvq5qWwCwK62ZkWJ2nh8FwivEK4Qqw=
gitlab.com/xx_network/crypto v0.0.5-0.20210106001644-a7c339164e03/go.mod h1:zo4aMyBGcG7ZdLFA0F9Rx5GU2p0hYgTCJhoYzrCvCM8=
gitlab.com/xx_network/crypto v0.0.5-0.20210107183440-804e0f8b7d22 h1:SQga1vOuAGzbYURnBjG0f37r7WmWKZRdiqmdopaNMb4=
gitlab.com/xx_network/crypto v0.0.5-0.20210107183440-804e0f8b7d22/go.mod h1:tTYlvAZNUFMtndcijM37iujkM4gP8kUwGiS9n7NA5Ck=
gitlab.com/xx_network/crypto v0.0.5-0.20210121204626-b251b926e4f7/go.mod h1:61fEAGI2+JD6CbT5PMzxy1SBMvgiFxE4MyiQghzoOVg=
gitlab.com/xx_network/crypto v0.0.5-0.20210208211326-ba22f885317c h1:j9rUB6jzqD8BL5kHLuWFH8zGvVbeqvMzFxmHT8ShWE4=
gitlab.com/xx_network/crypto v0.0.5-0.20210208211326-ba22f885317c/go.mod h1:wWEWKJXrS7MwPmj3VLyccjnbPLXB8McBkR9QUcqMDH4=
gitlab.com/xx_network/crypto v0.0.5-0.20210210215543-446333e9022e h1:wRRIu5sB+5t2NgbLXCJsyqA3DK7a8rRUwPza2Vy5Rdc=
gitlab.com/xx_network/crypto v0.0.5-0.20210210215543-446333e9022e/go.mod h1:NiPI62thPru+eYlBucjl2/OLUND3wKLOhPrIHvK/nCA=
gitlab.com/xx_network/crypto v0.0.5-0.20210216174356-e81e1ddf8fb7 h1:vyL+m7D7w+RgMPARzcKCR8UMGC2foqNU6cSb1J6Dkis=
gitlab.com/xx_network/crypto v0.0.5-0.20210216174356-e81e1ddf8fb7/go.mod h1:8J+/VBcMlBj2sZuSDaVKI/i58awFZ5Zdb4JdEwGVrqo=
gitlab.com/xx_network/crypto v0.0.5-0.20210223210125-9c1a8a8f1ec6 h1:VOHKnXEeNsE7HV6jXRAnitaMz4Bk9+HNeGD65/Y14YM=
gitlab.com/xx_network/crypto v0.0.5-0.20210223210125-9c1a8a8f1ec6/go.mod h1:hv5iBFSfmrhTkS8cAu1+/SlXXDzpHhZou+cgBSf8hAI=
gitlab.com/xx_network/crypto v0.0.5-0.20210225184630-793a5fc60d3a h1:18Qh+gJUjzehlSovwqFZe5RgKXc9kwTdZZodnhpxVpc=
gitlab.com/xx_network/crypto v0.0.5-0.20210225184630-793a5fc60d3a/go.mod h1:N79AXIqQKlIadtWvjUBZztzyR6RVxkeOys6xHgkWxYM=
gitlab.com/xx_network/crypto v0.0.5-0.20210226172317-cc20fe85f961 h1:Er4Rzcx2mYsWIS439ZrubN4E8//c8LjCnpKOin7IKs8=
gitlab.com/xx_network/crypto v0.0.5-0.20210226172317-cc20fe85f961/go.mod h1:p5b1CN+4j5mbZg3HvxGJqwJygTbcLxWHn0V70PUD1ks=
gitlab.com/xx_network/crypto v0.0.5-0.20210226175725-80576a407b2d h1:/kmAjGg0H9B7UHhbYuqkhrFqp+o2SPTPeTUQEUOn1MA=
gitlab.com/xx_network/crypto v0.0.5-0.20210226175725-80576a407b2d/go.mod h1:GJQ9ing4GrS/VRDC7PqmTU0SXNBAkOg0gsy9VHRjgKQ=
gitlab.com/xx_network/crypto v0.0.5-0.20210305221255-f0ef174f5135 h1:2QuO+5VZerO5hLNNdU9N9jX4Xa20aHs1h15RMNbgONY=
gitlab.com/xx_network/crypto v0.0.5-0.20210305221255-f0ef174f5135/go.mod h1:Kg4EgRbpzHjxavzuKP9E1JEgYBT0ez80rFtB7Bwuw+g=
gitlab.com/xx_network/crypto v0.0.5-0.20210309192854-cf32117afb96 h1:VZGJNhuU6YunKyK4MbNZf25UxQsmU1bH5SnbK93tI7Q=
gitlab.com/xx_network/crypto v0.0.5-0.20210309192854-cf32117afb96/go.mod h1:TtaHpuX0lcuTTtcq+pz+lMusjyTgvSohIHFOlVwN1uU=
gitlab.com/xx_network/crypto v0.0.5-0.20210316212152-504c0a1e0da0 h1:3ZuCXkP5sH23xUFdNhatIN2YX+EOl8G4jrewKQHsNnk=
gitlab.com/xx_network/crypto v0.0.5-0.20210316212152-504c0a1e0da0/go.mod h1:rSBB1QLVgUQoaUvWXQTDCGNV9fGjgJahvted+7DEqSw=
gitlab.com/xx_network/crypto v0.0.5-0.20210319231335-249c6b1aa323 h1:SR65X97KUaNdOQIX1SItNjPcQZ2oqznKM4g0UWpu+BI=
gitlab.com/xx_network/crypto v0.0.5-0.20210319231335-249c6b1aa323/go.mod h1:T2IjHhuTSvaX9qHXfX8qsjbRKsqEzZ73NNHvY3QR6CQ=
gitlab.com/xx_network/crypto v0.0.5-0.20210401160648-4f06cace9123 h1:i2PajAamYlacUpAFWqE7g5qtM6Vt/xG9iDfoK1nc2l4=
gitlab.com/xx_network/crypto v0.0.5-0.20210401160648-4f06cace9123/go.mod h1:CWV349I9Nv1zPCIY/f8Ej6yWs7NG0HLTWnm+Jlz7jKc=
gitlab.com/xx_network/crypto v0.0.5-0.20210405224157-2b1f387b42c1 h1:4Hrphjtqn3vO8LI872YwVKy5dCFJdD5u0dE4O2QCZqU=
gitlab.com/xx_network/crypto v0.0.5-0.20210405224157-2b1f387b42c1/go.mod h1:CUhRpioyLaKIylg+LIyZX1rhOmFaEXQQ6esNycx9dcA=
gitlab.com/xx_network/crypto v0.0.5-0.20210420170153-2a6276844076 h1:bLR43541fUUhPTMGuCWKz7IEQevAm4OeTBVtsDt8tgg=
gitlab.com/xx_network/crypto v0.0.5-0.20210420170153-2a6276844076/go.mod h1:CUhRpioyLaKIylg+LIyZX1rhOmFaEXQQ6esNycx9dcA=
gitlab.com/xx_network/crypto v0.0.5-0.20210504210244-9ddabbad25fd h1:jSY1ogxa2/MXthD8jadGr7IYBL4vXQID3VZp1g0GWec=
gitlab.com/xx_network/crypto v0.0.5-0.20210504210244-9ddabbad25fd/go.mod h1:bAqc5+q2K9OXWceHkZX+VnneSKlsSeg+G98O5S4Y2cA=
gitlab.com/xx_network/crypto v0.0.5-0.20210517205543-4ae99cbb9063 h1:BW6kQCHP5dySBWuaKjfU6gP+Wbw5Dnr8GTRzaEbF1zU=
gitlab.com/xx_network/crypto v0.0.5-0.20210517205543-4ae99cbb9063/go.mod h1:AOUw4RJfBrKDXbe9nY/8bM3ID1czcooefUbVd82zrCY=
gitlab.com/xx_network/primitives v0.0.0-20200803231956-9b192c57ea7c/go.mod h1:wtdCMr7DPePz9qwctNoAUzZtbOSHSedcK++3Df3psjA=
gitlab.com/xx_network/primitives v0.0.0-20200804183002-f99f7a7284da/go.mod h1:OK9xevzWCaPO7b1wiluVJGk7R5ZsuC7pHY5hteZFQug=
gitlab.com/xx_network/primitives v0.0.2 h1:r45yKenJ9e7PylI1ZXJ1Es09oYNaYXjxVy9+uYlwo7Y=
gitlab.com/xx_network/primitives v0.0.2/go.mod h1:cs0QlFpdMDI6lAo61lDRH2JZz+3aVkHy+QogOB6F/qc=
gitlab.com/xx_network/primitives v0.0.3/go.mod h1:cs0QlFpdMDI6lAo61lDRH2JZz+3aVkHy+QogOB6F/qc=
gitlab.com/xx_network/primitives v0.0.4-0.20201229212313-fe33d9809f27 h1:JGpYRKkhPw58dlhii/wH8N9uWZ1AOTyVw3b6ZYdndA8=
gitlab.com/xx_network/primitives v0.0.4-0.20201229212313-fe33d9809f27/go.mod h1:cs0QlFpdMDI6lAo61lDRH2JZz+3aVkHy+QogOB6F/qc=
gitlab.com/xx_network/primitives v0.0.4-0.20210106014326-691ebfca3b07 h1:ZxGp7Q0Vyx2mWM84GIPPT3PZK2TLfwycSIk7EgNMIws=
gitlab.com/xx_network/primitives v0.0.4-0.20210106014326-691ebfca3b07/go.mod h1:cs0QlFpdMDI6lAo61lDRH2JZz+3aVkHy+QogOB6F/qc=
gitlab.com/xx_network/primitives v0.0.4-0.20210121203635-8a771fc14f8a/go.mod h1:9imZHvYwNFobxueSvVtHneZLk9wTK7HQTzxPm+zhFhE=
gitlab.com/xx_network/primitives v0.0.4-0.20210208204253-ed1a9ef0c75e h1:JW2QXZSaipTEyCbMcjvc9cbIwFqt9/12toYPyAzI7Go=
gitlab.com/xx_network/primitives v0.0.4-0.20210208204253-ed1a9ef0c75e/go.mod h1:9imZHvYwNFobxueSvVtHneZLk9wTK7HQTzxPm+zhFhE=
gitlab.com/xx_network/primitives v0.0.4-0.20210210215152-e4534abf3ae5 h1:skLonqleopw1osf3xBQTNX9NjTV/OQP6AM4HKpLNUdc=
gitlab.com/xx_network/primitives v0.0.4-0.20210210215152-e4534abf3ae5/go.mod h1:9imZHvYwNFobxueSvVtHneZLk9wTK7HQTzxPm+zhFhE=
gitlab.com/xx_network/primitives v0.0.4-0.20210215192713-e32335847d4f h1:0wFEYIHuPkWJuDkbDXNrwC5yGwkd7Mugt2BwcTqQbFY=
gitlab.com/xx_network/primitives v0.0.4-0.20210215192713-e32335847d4f/go.mod h1:9imZHvYwNFobxueSvVtHneZLk9wTK7HQTzxPm+zhFhE=
gitlab.com/xx_network/primitives v0.0.4-0.20210219231511-983054dbee36 h1:41qeW7XB9Rllsi6fe37+eaQCLjTGchpvcJqwEvZxeXE=
gitlab.com/xx_network/primitives v0.0.4-0.20210219231511-983054dbee36/go.mod h1:9imZHvYwNFobxueSvVtHneZLk9wTK7HQTzxPm+zhFhE=
gitlab.com/xx_network/primitives v0.0.4-0.20210225002641-4e446b2531ea h1:8Kq5/7x4uMOrda8jWKnbe9ynNahd7Vkfe0ETijdM17s=
gitlab.com/xx_network/primitives v0.0.4-0.20210225002641-4e446b2531ea/go.mod h1:9imZHvYwNFobxueSvVtHneZLk9wTK7HQTzxPm+zhFhE=
gitlab.com/xx_network/primitives v0.0.4-0.20210226165312-9df25e918a42 h1:MRQC299UNMTkhe1sUfJ1m0dUq6dV2NbyyVVpjZTF1WY=
gitlab.com/xx_network/primitives v0.0.4-0.20210226165312-9df25e918a42/go.mod h1:9imZHvYwNFobxueSvVtHneZLk9wTK7HQTzxPm+zhFhE=
gitlab.com/xx_network/primitives v0.0.4-0.20210226175628-2b2742ebb772 h1:ChhVo8Q9YyTD+VylDIxcTFzasC1GtexUTIj+9auq4P8=
gitlab.com/xx_network/primitives v0.0.4-0.20210226175628-2b2742ebb772/go.mod h1:9imZHvYwNFobxueSvVtHneZLk9wTK7HQTzxPm+zhFhE=
gitlab.com/xx_network/primitives v0.0.4-0.20210303180604-1ee442e6463f h1:nC87BCbInkGS2iG5Z1g5PJC7gNKGgLlJmcMVYmsf7mo=
gitlab.com/xx_network/primitives v0.0.4-0.20210303180604-1ee442e6463f/go.mod h1:9imZHvYwNFobxueSvVtHneZLk9wTK7HQTzxPm+zhFhE=
gitlab.com/xx_network/primitives v0.0.4-0.20210309173740-eb8cd411334a h1:Ume9QbJ4GoJh7v5yg/YVDjowJHx/VFeOC/A4PJZUm9g=
gitlab.com/xx_network/primitives v0.0.4-0.20210309173740-eb8cd411334a/go.mod h1:9imZHvYwNFobxueSvVtHneZLk9wTK7HQTzxPm+zhFhE=
gitlab.com/xx_network/primitives v0.0.4-0.20210331161816-ed23858bdb93 h1:ZV5ZfSBX7+7moL8pywpCB3HTNXd03tSwMgDA7SDYaFA=
gitlab.com/xx_network/primitives v0.0.4-0.20210331161816-ed23858bdb93/go.mod h1:9imZHvYwNFobxueSvVtHneZLk9wTK7HQTzxPm+zhFhE=
gitlab.com/xx_network/primitives v0.0.4-0.20210402222416-37c1c4d3fac4 h1:YPYTKF0zQf08y0eQrjQP01C/EWQTypdqawjZPr5c6rc=
gitlab.com/xx_network/primitives v0.0.4-0.20210402222416-37c1c4d3fac4/go.mod h1:9imZHvYwNFobxueSvVtHneZLk9wTK7HQTzxPm+zhFhE=
gitlab.com/xx_network/primitives v0.0.4-0.20210504205835-db68f11de78a h1:Op+Dfm/Swtrs6Lgo/ro28SrCrftrfQtK9a3/EOoXYAo=
gitlab.com/xx_network/primitives v0.0.4-0.20210504205835-db68f11de78a/go.mod h1:9imZHvYwNFobxueSvVtHneZLk9wTK7HQTzxPm+zhFhE=
gitlab.com/xx_network/primitives v0.0.4-0.20210517202253-c7b4bd0087ea h1:yiFyOC+qhTLO/AjCOuL7hNNkD4VdPnnSmeYXXQwmGYE=
gitlab.com/xx_network/primitives v0.0.4-0.20210517202253-c7b4bd0087ea/go.mod h1:9imZHvYwNFobxueSvVtHneZLk9wTK7HQTzxPm+zhFhE=
golang.org/x/crypto v0.0.0-20190308221718-c2843e01d9a2/go.mod h1:djNgcEr1/C05ACkg1iLfiJU5Ep61QUkGW8qpdssI0+w=
golang.org/x/crypto v0.0.0-20200510223506-06a226fb4e37/go.mod h1:LzIPMQfyMNhhGPhUkYOs5KpL4U8rLKemX1yGLhDgUto=
golang.org/x/crypto v0.0.0-20200622213623-75b288015ac9/go.mod h1:LzIPMQfyMNhhGPhUkYOs5KpL4U8rLKemX1yGLhDgUto=
golang.org/x/crypto v0.0.0-20200707235045-ab33eee955e0/go.mod h1:LzIPMQfyMNhhGPhUkYOs5KpL4U8rLKemX1yGLhDgUto=
golang.org/x/crypto v0.0.0-20200728195943-123391ffb6de h1:ikNHVSjEfnvz6sxdSPCaPt572qowuyMDMJLLm3Db3ig=
golang.org/x/crypto v0.0.0-20200728195943-123391ffb6de/go.mod h1:LzIPMQfyMNhhGPhUkYOs5KpL4U8rLKemX1yGLhDgUto=
golang.org/x/crypto v0.0.0-20201221181555-eec23a3978ad h1:DN0cp81fZ3njFcrLCytUHRSUkqBjfTo4Tx9RJTWs0EY=
golang.org/x/crypto v0.0.0-20201221181555-eec23a3978ad/go.mod h1:jdWPYTVW3xRLrWPugEBEK3UY2ZEsg3UU495nc5E+M+I=
golang.org/x/exp v0.0.0-20190121172915-509febef88a4/go.mod h1:CJ0aWSM057203Lf6IL+f9T1iT9GByDxfZKAQTCR3kQA=
golang.org/x/lint v0.0.0-20181026193005-c67002cb31c3/go.mod h1:UVdnD1Gm6xHRNCYTkRU2/jEulfH38KcIWyp/GAMgvoE=
golang.org/x/lint v0.0.0-20190227174305-5b3e6a55c961/go.mod h1:wehouNa3lNwaWXcvxsM5YxQ5yQlVC4a0KAMCusXpPoU=
golang.org/x/lint v0.0.0-20190313153728-d0100b6bd8b3/go.mod h1:6SW0HCj/g11FgYtHlgUYUwCkIfeOF89ocIRzGO/8vkc=
golang.org/x/net v0.0.0-20180724234803-3673e40ba225/go.mod h1:mL1N/T3taQHkDXs73rZJwtUhF3w3ftmwwsq0BUmARs4=
golang.org/x/net v0.0.0-20180826012351-8a410e7b638d/go.mod h1:mL1N/T3taQHkDXs73rZJwtUhF3w3ftmwwsq0BUmARs4=
golang.org/x/net v0.0.0-20190213061140-3a22650c66bd/go.mod h1:mL1N/T3taQHkDXs73rZJwtUhF3w3ftmwwsq0BUmARs4=
golang.org/x/net v0.0.0-20190311183353-d8887717615a/go.mod h1:t9HGtf8HONx5eT2rtn7q6eTqICYqUVnKs3thJo3Qplg=
golang.org/x/net v0.0.0-20190404232315-eb5bcb51f2a3/go.mod h1:t9HGtf8HONx5eT2rtn7q6eTqICYqUVnKs3thJo3Qplg=
golang.org/x/net v0.0.0-20200707034311-ab3426394381/go.mod h1:/O7V0waA8r7cgGh81Ro3o1hOxt32SMVPicZroKQ2sZA=
golang.org/x/oauth2 v0.0.0-20180821212333-d2e6202438be/go.mod h1:N/0e6XlmueqKjAGxoOufVs8QHGRruUQn6yWY3a++T0U=
golang.org/x/sync v0.0.0-20180314180146-1d60e4601c6f/go.mod h1:RxMgew5VJxzue5/jJTE5uejpjVlOe/izrB70Jof72aM=
golang.org/x/sync v0.0.0-20181108010431-42b317875d0f/go.mod h1:RxMgew5VJxzue5/jJTE5uejpjVlOe/izrB70Jof72aM=
golang.org/x/sync v0.0.0-20190423024810-112230192c58/go.mod h1:RxMgew5VJxzue5/jJTE5uejpjVlOe/izrB70Jof72aM=
golang.org/x/sys v0.0.0-20180830151530-49385e6e1522/go.mod h1:STP8DvDyc/dI5b8T5hshtkjS+E42TnysNCUPdjciGhY=
golang.org/x/sys v0.0.0-20190215142949-d0b11bdaac8a/go.mod h1:STP8DvDyc/dI5b8T5hshtkjS+E42TnysNCUPdjciGhY=
golang.org/x/sys v0.0.0-20190412213103-97732733099d/go.mod h1:h1NjWce9XRLGQEsW7wpKNCjG9DtNlClVuFLEZdDNbEs=
golang.org/x/sys v0.0.0-20191005200804-aed5e4c7ecf9/go.mod h1:h1NjWce9XRLGQEsW7wpKNCjG9DtNlClVuFLEZdDNbEs=
golang.org/x/sys v0.0.0-20191026070338-33540a1f6037/go.mod h1:h1NjWce9XRLGQEsW7wpKNCjG9DtNlClVuFLEZdDNbEs=
golang.org/x/sys v0.0.0-20200202164722-d101bd2416d5/go.mod h1:h1NjWce9XRLGQEsW7wpKNCjG9DtNlClVuFLEZdDNbEs=
golang.org/x/sys v0.0.0-20200323222414-85ca7c5b95cd/go.mod h1:h1NjWce9XRLGQEsW7wpKNCjG9DtNlClVuFLEZdDNbEs=
golang.org/x/sys v0.0.0-20200519105757-fe76b779f299 h1:DYfZAGf2WMFjMxbgTjaC+2HC7NkNAQs+6Q8b9WEB/F4=
golang.org/x/sys v0.0.0-20200519105757-fe76b779f299/go.mod h1:h1NjWce9XRLGQEsW7wpKNCjG9DtNlClVuFLEZdDNbEs=
golang.org/x/sys v0.0.0-20201014080544-cc95f250f6bc/go.mod h1:h1NjWce9XRLGQEsW7wpKNCjG9DtNlClVuFLEZdDNbEs=
golang.org/x/sys v0.0.0-20210319071255-635bc2c9138d h1:jbzgAvDZn8aEnytae+4ou0J0GwFZoHR0hOrTg4qH8GA=
golang.org/x/sys v0.0.0-20210319071255-635bc2c9138d/go.mod h1:h1NjWce9XRLGQEsW7wpKNCjG9DtNlClVuFLEZdDNbEs=
golang.org/x/term v0.0.0-20201117132131-f5c789dd3221/go.mod h1:Nr5EML6q2oocZ2LXRh80K7BxOlk5/8JxuGnuhpl+muw=
golang.org/x/text v0.3.0/go.mod h1:NqM8EUOU14njkJ3fqMW+pc6Ldnwhi/IjpwHt7yyuwOQ=
golang.org/x/tools v0.0.0-20190114222345-bf090417da8b/go.mod h1:n7NCudcB/nEzxVGmLbDWY5pfWTLqBcC2KZ6jyYvM4mQ=
golang.org/x/tools v0.0.0-20190226205152-f727befe758c/go.mod h1:9Yl7xja0Znq3iFh3HoIrodX9oNMXvdceNzlUR8zjMvY=
golang.org/x/tools v0.0.0-20190311212946-11955173bddd/go.mod h1:LCzVGOaR6xXOjkQ3onu1FJEFr0SW1gC7cKk1uF8kGRs=
golang.org/x/tools v0.0.0-20190524140312-2c0ae7006135/go.mod h1:RgjU9mgBXZiqYHBnxXauZ1Gv1EHHAz9KjViQ78xBX0Q=
golang.org/x/xerrors v0.0.0-20191204190536-9bdfabe68543 h1:E7g+9GITq07hpfrRu66IVDexMakfv52eLZ2CXBWiKr4=
golang.org/x/xerrors v0.0.0-20191204190536-9bdfabe68543/go.mod h1:I/5z698sn9Ka8TeJc9MKroUUfqBBauWjQqLJ2OPfmY0=
google.golang.org/appengine v1.1.0/go.mod h1:EbEs0AVv82hx2wNQdGPgUI5lhzA/G0D9YwlJXL52JkM=
google.golang.org/appengine v1.4.0/go.mod h1:xpcJRLb0r/rnEns0DIKYYv+WjYCduHsrkT7/EB5XEv4=
google.golang.org/genproto v0.0.0-20180817151627-c66870c02cf8/go.mod h1:JiN7NxoALGmiZfu7CAH4rXhgtRTLTxftemlI0sWmxmc=
google.golang.org/genproto v0.0.0-20190819201941-24fa4b261c55/go.mod h1:DMBHOl98Agz4BDEuKkezgsaosCRResVns1a3J2ZsMNc=
google.golang.org/grpc v1.19.0/go.mod h1:mqu4LbDTu4XGKhr4mRzUsmM4RtVoemTSY81AxZiDr8c=
google.golang.org/grpc v1.23.0/go.mod h1:Y5yQAOtifL1yxbo5wqy6BxZv8vAUGQwXBOALyacEbxg=
google.golang.org/grpc v1.25.1/go.mod h1:c3i+UQWmh7LiEpx4sFZnkU36qjEYZ0imhYfXVyQciAY=
google.golang.org/grpc v1.29.1/go.mod h1:itym6AZVZYACWQqET3MqgPpjcuV5QH3BxFS3IjizoKk=
google.golang.org/grpc v1.30.0/go.mod h1:N36X2cJ7JwdamYAgDz+s+rVMFjt3numwzf/HckM8pak=
google.golang.org/grpc v1.31.0/go.mod h1:N36X2cJ7JwdamYAgDz+s+rVMFjt3numwzf/HckM8pak=
google.golang.org/protobuf v0.0.0-20200109180630-ec00e32a8dfd/go.mod h1:DFci5gLYBciE7Vtevhsrf46CRTquxDuWsQurQQe4oz8=
google.golang.org/protobuf v0.0.0-20200221191635-4d8936d0db64/go.mod h1:kwYJMbMJ01Woi6D6+Kah6886xMZcty6N08ah7+eCXa0=
google.golang.org/protobuf v0.0.0-20200228230310-ab0ca4ff8a60/go.mod h1:cfTl7dwQJ+fmap5saPgwCLgHXTUD7jkjRqWcaiX5VyM=
google.golang.org/protobuf v1.20.1-0.20200309200217-e05f789c0967/go.mod h1:A+miEFZTKqfCUM6K7xSMQL9OKL/b6hQv+e19PK+JZNE=
google.golang.org/protobuf v1.21.0/go.mod h1:47Nbq4nVaFHyn7ilMalzfO3qCViNmqZ2kzikPIcrTAo=
google.golang.org/protobuf v1.22.0/go.mod h1:EGpADcykh3NcUnDUJcl1+ZksZNG86OlYog2l/sGQquU=
google.golang.org/protobuf v1.23.0 h1:4MY060fB1DLGMB/7MBTLnwQUY6+F09GEiz6SsrNqyzM=
google.golang.org/protobuf v1.23.0/go.mod h1:EGpADcykh3NcUnDUJcl1+ZksZNG86OlYog2l/sGQquU=
gopkg.in/check.v1 v0.0.0-20161208181325-20d25e280405/go.mod h1:Co6ibVJAznAaIkqp8huTwlJQCZ016jof/cbN4VW5Yz0=
gopkg.in/check.v1 v1.0.0-20200227125254-8fa46927fb4f h1:BLraFXnmrev5lT+xlilqcH8XK9/i0At2xKjWk4p6zsU=
gopkg.in/check.v1 v1.0.0-20200227125254-8fa46927fb4f/go.mod h1:Co6ibVJAznAaIkqp8huTwlJQCZ016jof/cbN4VW5Yz0=
gopkg.in/check.v1 v1.0.0-20201130134442-10cb98267c6c/go.mod h1:JHkPIbrfpd72SG/EVd6muEfDQjcINNoR0C8j2r3qZ4Q=
gopkg.in/yaml.v2 v2.2.2/go.mod h1:hI93XBmqTisBFMUTm0b8Fm+jr3Dg1NNxqwp+5A1VGuI=
gopkg.in/yaml.v2 v2.3.0 h1:clyUAQHOM3G0M3f5vQj7LuJrETvjVot3Z5el9nffUtU=
gopkg.in/yaml.v2 v2.3.0/go.mod h1:hI93XBmqTisBFMUTm0b8Fm+jr3Dg1NNxqwp+5A1VGuI=
gopkg.in/yaml.v2 v2.4.0/go.mod h1:RDklbk79AGWmwhnvt/jBztapEOGDOx6ZbXqjP6csGnQ=
gopkg.in/yaml.v3 v3.0.0-20200313102051-9f266ea9e77c/go.mod h1:K4uyk7z7BCEPqu6E+C64Yfv1cQ7kz7rIZviUmN+EgEM=
gopkg.in/yaml.v3 v3.0.0-20200615113413-eeeca48fe776/go.mod h1:K4uyk7z7BCEPqu6E+C64Yfv1cQ7kz7rIZviUmN+EgEM=
honnef.co/go/tools v0.0.0-20190102054323-c2f93a96b099/go.mod h1:rf3lG4BRIbNafJWhAfAdb/ePZxsR/4RtNHQocxwk9r4=
honnef.co/go/tools v0.0.0-20190523083050-ea95bdfd59fc/go.mod h1:rf3lG4BRIbNafJWhAfAdb/ePZxsR/4RtNHQocxwk9r4=
