github.com/badoux/checkmail v1.2.1 h1:TzwYx5pnsV6anJweMx2auXdekBwGr/yt1GgalIx9nBQ=
github.com/badoux/checkmail v1.2.1/go.mod h1:XroCOBU5zzZJcLvgwU15I+2xXyCdTWXyR9MGfRhBYy0=
github.com/bwesterb/go-ristretto v1.2.0/go.mod h1:fUIoIZaG73pV5biE2Blr2xEzDoMj7NFEuV9ekS419A0=
github.com/cloudflare/circl v1.1.0 h1:bZgT/A+cikZnKIwn7xL2OBj012Bmvho/o6RpRvv3GKY=
github.com/cloudflare/circl v1.1.0/go.mod h1:prBCrKB9DV4poKZY1l9zBXg2QJY7mvgRvtMxxK7fi4I=
github.com/davecgh/go-spew v1.1.0/go.mod h1:J7Y8YcW2NihsgmVo/mv3lAwl/skON4iLHjSsI+c5H38=
github.com/davecgh/go-spew v1.1.1 h1:vj9j/u1bqnvCEfJOwUhtlOARqs3+rkHYY13jYWTU97c=
github.com/davecgh/go-spew v1.1.1/go.mod h1:J7Y8YcW2NihsgmVo/mv3lAwl/skON4iLHjSsI+c5H38=
github.com/golang/protobuf v1.5.0/go.mod h1:FsONVRAS9T7sI+LIUmWTfcYkHO4aIWwzhcaSAoJOfIk=
github.com/golang/protobuf v1.5.2 h1:ROPKBNFfQgOUMifHyP+KYbvpjbdoFNs+aK7DXlji0Tw=
github.com/golang/protobuf v1.5.2/go.mod h1:XVQd3VNwM+JqD3oG2Ue2ip4fOMUkwXdXDdiuN0vRsmY=
github.com/google/go-cmp v0.5.5 h1:Khx7svrCpmxxtHBq5j2mp/xVjsi8hQMfNLvJFAlrGgU=
github.com/google/go-cmp v0.5.5/go.mod h1:v8dTdLbMG2kIc/vJvl+f65V22dbkXbowE6jgT/gNBxE=
github.com/liyue201/goqr v0.0.0-20200803022322-df443203d4ea h1:uyJ13zfy6l79CM3HnVhDalIyZ4RJAyVfDrbnfFeJoC4=
github.com/liyue201/goqr v0.0.0-20200803022322-df443203d4ea/go.mod h1:w4pGU9PkiX2hAWyF0yuHEHmYTQFAd6WHzp6+IY7JVjE=
github.com/pkg/errors v0.9.1 h1:FEBLx1zS214owpjy7qsBeixbURkuhQAwrK5UwLGTwt4=
github.com/pkg/errors v0.9.1/go.mod h1:bwawxfHBFNV+L2hUp1rHADufV3IMtnDRdf1r5NINEl0=
github.com/pmezard/go-difflib v1.0.0 h1:4DBwDE0NGyQoBHbLQYPwSUPoCMWR5BEzIk/f1lZbAQM=
github.com/pmezard/go-difflib v1.0.0/go.mod h1:iKH77koFhYxTK1pcRnkKkqfTogsbg7gZNVY4sRDYZ/4=
github.com/skip2/go-qrcode v0.0.0-20200617195104-da1b6568686e h1:MRM5ITcdelLK2j1vwZ3Je0FKVCfqOLp5zO6trqMLYs0=
github.com/skip2/go-qrcode v0.0.0-20200617195104-da1b6568686e/go.mod h1:XV66xRDqSt+GTGFMVlhk3ULuV0y9ZmzeVGR4mloJI3M=
github.com/spf13/jwalterweatherman v1.1.0 h1:ue6voC5bR5F8YxI5S67j9i582FU4Qvo2bmqnqMYADFk=
github.com/spf13/jwalterweatherman v1.1.0/go.mod h1:aNWZUN0dPAAO/Ljvb5BEdw96iTZ0EXowPYD95IqWIGo=
github.com/stretchr/objx v0.1.0/go.mod h1:HFkY916IF+rwdDfMAkV7OtwuqBVzrE8GR6GFx+wExME=
github.com/stretchr/testify v1.2.2/go.mod h1:a8OnRcib4nhh0OaRAV+Yts87kKdq0PP7pXfy6kDkUVs=
github.com/stretchr/testify v1.4.0/go.mod h1:j7eGeouHqKxXV5pUuKE4zz7dFj8WfuZ+81PSLYec5m4=
github.com/stretchr/testify v1.7.0 h1:nwc3DEeHmmLAfoZucVR881uASk0Mfjw8xYJ99tb5CcY=
github.com/stretchr/testify v1.7.0/go.mod h1:6Fq8oRcR53rry900zMqJjRRixrwX3KX962/h/Wwjteg=
github.com/ttacon/builder v0.0.0-20170518171403-c099f663e1c2 h1:5u+EJUQiosu3JFX0XS0qTf5FznsMOzTjGqavBGuCbo0=
github.com/ttacon/builder v0.0.0-20170518171403-c099f663e1c2/go.mod h1:4kyMkleCiLkgY6z8gK5BkI01ChBtxR0ro3I1ZDcGM3w=
github.com/ttacon/libphonenumber v1.2.1 h1:fzOfY5zUADkCkbIafAed11gL1sW+bJ26p6zWLBMElR4=
github.com/ttacon/libphonenumber v1.2.1/go.mod h1:E0TpmdVMq5dyVlQ7oenAkhsLu86OkUl+yR4OAxyEg/M=
github.com/zeebo/assert v1.1.0 h1:hU1L1vLTHsnO8x8c9KAR5GmM5QscxHg5RNU5z5qbUWY=
github.com/zeebo/assert v1.1.0/go.mod h1:Pq9JiuJQpG8JLJdtkwrJESF0Foym2/D9XMU5ciN/wJ0=
github.com/zeebo/blake3 v0.1.1 h1:Nbsts7DdKThRHHd+YNlqiGlRqGEF2bE2eXN+xQ1hsEs=
github.com/zeebo/blake3 v0.1.1/go.mod h1:G9pM4qQwjRzF1/v7+vabMj/c5mWpGZ2Wzo3Eb4z0pb4=
github.com/zeebo/pcg v1.0.0 h1:dt+dx+HvX8g7Un32rY9XWoYnd0NmKmrIzpHF7qiTDj0=
github.com/zeebo/pcg v1.0.0/go.mod h1:09F0S9iiKrwn9rlI5yjLkmrug154/YRW6KnnXVDM/l4=
gitlab.com/elixxir/primitives v0.0.3-0.20220209225643-ae03845af237 h1:Ok1Eyje4sdTd0ffMHwL8z7pu/lfLBm3C6gw+AsZwCVA=
gitlab.com/elixxir/primitives v0.0.3-0.20220209225643-ae03845af237/go.mod h1:BGKbQL4Iox2D+CHdknZTC46snQfTrOqP+EpCDQ3/GIA=
gitlab.com/xx_network/crypto v0.0.5-0.20220209220237-f1e27faab497 h1:Bi4WmC1zEJ6FPPCV/gFywj+UOGxcG7Y8ghpW7J0nR40=
gitlab.com/xx_network/crypto v0.0.5-0.20220209220237-f1e27faab497/go.mod h1:5AlR+1c8/h7M3slCgPLW3lEeEdkbBb3zgB3wbs/vnhM=
gitlab.com/xx_network/primitives v0.0.4-0.20220209215928-ebad9b1d4f04 h1:yv++r3+1W2GmLarXtZY+xxtn2yzplc/+furnWLSKBBA=
gitlab.com/xx_network/primitives v0.0.4-0.20220209215928-ebad9b1d4f04/go.mod h1:qqZ9b4fmqXsbMnPBHA+KYm2Mvf8WQPV/nl4Ir+g0Y5s=
golang.org/x/crypto v0.0.0-20210921155107-089bfa567519/go.mod h1:GvvjBRRGRdwPK5ydBHafDWAxML/pGHZbMvKqRZ5+Abc=
golang.org/x/crypto v0.0.0-20220209195652-db638375bc3a h1:atOEWVSedO4ksXBe/UrlbSLVxQQ9RxM/tT2Jy10IaHo=
golang.org/x/crypto v0.0.0-20220209195652-db638375bc3a/go.mod h1:IxCIyHEi3zRg3s0A5j5BB6A9Jmi73HwBIUl50j+osU4=
golang.org/x/net v0.0.0-20210226172049-e18ecbb05110/go.mod h1:m0MpNAwzfU5UDzcl9v0D8zg8gWTRqZa9RBIspLL5mdg=
golang.org/x/sys v0.0.0-20201014080544-cc95f250f6bc/go.mod h1:h1NjWce9XRLGQEsW7wpKNCjG9DtNlClVuFLEZdDNbEs=
golang.org/x/sys v0.0.0-20201119102817-f84b799fce68/go.mod h1:h1NjWce9XRLGQEsW7wpKNCjG9DtNlClVuFLEZdDNbEs=
golang.org/x/sys v0.0.0-20210615035016-665e8c7367d1/go.mod h1:oPkhp1MJrh7nUepCBck5+mAzfO9JrbApNNgaTdGDITg=
golang.org/x/sys v0.0.0-20211007075335-d3039528d8ac/go.mod h1:oPkhp1MJrh7nUepCBck5+mAzfO9JrbApNNgaTdGDITg=
golang.org/x/sys v0.0.0-20220209214540-3681064d5158 h1:rm+CHSpPEEW2IsXUib1ThaHIjuBVZjxNgSKmBLFfD4c=
golang.org/x/sys v0.0.0-20220209214540-3681064d5158/go.mod h1:oPkhp1MJrh7nUepCBck5+mAzfO9JrbApNNgaTdGDITg=
golang.org/x/term v0.0.0-20201126162022-7de9c90e9dd1/go.mod h1:bj7SfCRtBDWHUb9snDiAeCFNEtKQo2Wmx5Cou7ajbmo=
golang.org/x/text v0.3.3/go.mod h1:5Zoc/QRtKVWzQhOtBMvqHzDpF6irO9z98xDceosuGiQ=
golang.org/x/tools v0.0.0-20180917221912-90fa682c2a6e/go.mod h1:n7NCudcB/nEzxVGmLbDWY5pfWTLqBcC2KZ6jyYvM4mQ=
golang.org/x/xerrors v0.0.0-20191204190536-9bdfabe68543 h1:E7g+9GITq07hpfrRu66IVDexMakfv52eLZ2CXBWiKr4=
golang.org/x/xerrors v0.0.0-20191204190536-9bdfabe68543/go.mod h1:I/5z698sn9Ka8TeJc9MKroUUfqBBauWjQqLJ2OPfmY0=
google.golang.org/protobuf v1.26.0-rc.1/go.mod h1:jlhhOSvTdKEhbULTjvd4ARK9grFBp09yW+WbY/TyQbw=
google.golang.org/protobuf v1.26.0/go.mod h1:9q0QmTI4eRPtz6boOQmLYwt+qCgq0jsYwAQnmE0givc=
google.golang.org/protobuf v1.27.1 h1:SnqbnDw1V7RiZcXPx5MEeqPv2s79L9i7BJUlG/+RurQ=
google.golang.org/protobuf v1.27.1/go.mod h1:9q0QmTI4eRPtz6boOQmLYwt+qCgq0jsYwAQnmE0givc=
gopkg.in/check.v1 v0.0.0-20161208181325-20d25e280405 h1:yhCVgyC4o1eVCa2tZl7eS0r+SDo693bJlVdllGtEeKM=
gopkg.in/check.v1 v0.0.0-20161208181325-20d25e280405/go.mod h1:Co6ibVJAznAaIkqp8huTwlJQCZ016jof/cbN4VW5Yz0=
gopkg.in/yaml.v2 v2.2.2/go.mod h1:hI93XBmqTisBFMUTm0b8Fm+jr3Dg1NNxqwp+5A1VGuI=
gopkg.in/yaml.v3 v3.0.0-20200313102051-9f266ea9e77c/go.mod h1:K4uyk7z7BCEPqu6E+C64Yfv1cQ7kz7rIZviUmN+EgEM=
gopkg.in/yaml.v3 v3.0.0-20200615113413-eeeca48fe776 h1:tQIYjPdBoyREyB9XMu+nnTclpTYkz2zFM+lzLJFO4gQ=
gopkg.in/yaml.v3 v3.0.0-20200615113413-eeeca48fe776/go.mod h1:K4uyk7z7BCEPqu6E+C64Yfv1cQ7kz7rIZviUmN+EgEM=
